
Microsoft Visual Studio Solution File, Format Version 12.00
# Visual Studio Version 17
VisualStudioVersion = 17.10.35013.160
MinimumVisualStudioVersion = 10.0.40219.1
Project("{FAE04EC0-301F-11D3-BF4B-00C04F79EFBC}") = "D2BA", "D2BA\D2BA.csproj", "{A8B2C24D-1B89-45EC-BFFD-F24D84F2F5F8}"
EndProject
Global
	GlobalSection(SolutionConfigurationPlatforms) = preSolution
		Debug|Any CPU = Debug|Any CPU
		Release|Any CPU = Release|Any CPU
	EndGlobalSection
	GlobalSection(ProjectConfigurationPlatforms) = postSolution
		{A8B2C24D-1B89-45EC-BFFD-F24D84F2F5F8}.Debug|Any CPU.ActiveCfg = Debug|Any CPU
		{A8B2C24D-1B89-45EC-BFFD-F24D84F2F5F8}.Debug|Any CPU.Build.0 = Debug|Any CPU
		{A8B2C24D-1B89-45EC-BFFD-F24D84F2F5F8}.Release|Any CPU.ActiveCfg = Release|Any CPU
		{A8B2C24D-1B89-45EC-BFFD-F24D84F2F5F8}.Release|Any CPU.Build.0 = Release|Any CPU
	EndGlobalSection
	GlobalSection(SolutionProperties) = preSolution
		HideSolutionNode = FALSE
	EndGlobalSection
	GlobalSection(ExtensibilityGlobals) = postSolution
		SolutionGuid = {03C3AC8A-4FE7-4421-B6A9-EA85BD70D841}
	EndGlobalSection
EndGlobal
